// !$*UTF8*$!
{
	archiveVersion = 1;
	classes = {
	};
	objectVersion = 51;
	objects = {

/* Begin PBXBuildFile section */
		44D5015C248109D8008DEC05 /* AppDelegate.swift in Sources */ = {isa = PBXBuildFile; fileRef = 44D5015B248109D8008DEC05 /* AppDelegate.swift */; };
		44D5015E248109D8008DEC05 /* SceneDelegate.swift in Sources */ = {isa = PBXBuildFile; fileRef = 44D5015D248109D8008DEC05 /* SceneDelegate.swift */; };
		44D50165248109DB008DEC05 /* Assets.xcassets in Resources */ = {isa = PBXBuildFile; fileRef = 44D50164248109DB008DEC05 /* Assets.xcassets */; };
		44D50168248109DB008DEC05 /* LaunchScreen.storyboard in Resources */ = {isa = PBXBuildFile; fileRef = 44D50166248109DB008DEC05 /* LaunchScreen.storyboard */; };
		44D5018124811E5F008DEC05 /* ConvertorViewModel.swift in Sources */ = {isa = PBXBuildFile; fileRef = 44D5018024811E5F008DEC05 /* ConvertorViewModel.swift */; };
		44D5018324811E74008DEC05 /* ConvertorViewController.storyboard in Resources */ = {isa = PBXBuildFile; fileRef = 44D5018224811E74008DEC05 /* ConvertorViewController.storyboard */; };
		44D501852481205E008DEC05 /* MainViewCoordinator.swift in Sources */ = {isa = PBXBuildFile; fileRef = 44D501842481205E008DEC05 /* MainViewCoordinator.swift */; };
		44D50187248120DA008DEC05 /* MainViewModelCoordinator.swift in Sources */ = {isa = PBXBuildFile; fileRef = 44D50186248120DA008DEC05 /* MainViewModelCoordinator.swift */; };
		44D5018A2481239F008DEC05 /* ViewControllerHelper.swift in Sources */ = {isa = PBXBuildFile; fileRef = 44D501892481239F008DEC05 /* ViewControllerHelper.swift */; };
		44D5018D24817AEC008DEC05 /* ExchangeModel.swift in Sources */ = {isa = PBXBuildFile; fileRef = 44D5018C24817AEC008DEC05 /* ExchangeModel.swift */; };
		44D5018F24817BD4008DEC05 /*  CurrencyService.swift in Sources */ = {isa = PBXBuildFile; fileRef = 44D5018E24817BD4008DEC05 /*  CurrencyService.swift */; };
		44D5019124817D46008DEC05 /* Environment.swift in Sources */ = {isa = PBXBuildFile; fileRef = 44D5019024817D46008DEC05 /* Environment.swift */; };
		44D5019324817DB0008DEC05 /* CurrencyRequest.swift in Sources */ = {isa = PBXBuildFile; fileRef = 44D5019224817DB0008DEC05 /* CurrencyRequest.swift */; };
		44D50199248250FF008DEC05 /* ConvertorViewControllerSpec.swift in Sources */ = {isa = PBXBuildFile; fileRef = 44D50198248250FF008DEC05 /* ConvertorViewControllerSpec.swift */; };
		44D5019B24825E2E008DEC05 /* ConvertViewModelSpec.swift in Sources */ = {isa = PBXBuildFile; fileRef = 44D5019A24825E2E008DEC05 /* ConvertViewModelSpec.swift */; };
		44D5019D24826643008DEC05 /* AlertModel.swift in Sources */ = {isa = PBXBuildFile; fileRef = 44D5019C24826643008DEC05 /* AlertModel.swift */; };
		44D5019F24826E50008DEC05 /* AlertViewPresenter.swift in Sources */ = {isa = PBXBuildFile; fileRef = 44D5019E24826E50008DEC05 /* AlertViewPresenter.swift */; };
		44D501A2248290E6008DEC05 /* MockService.swift in Sources */ = {isa = PBXBuildFile; fileRef = 44D501A1248290E6008DEC05 /* MockService.swift */; };
		44D501A424829130008DEC05 /* MockAlertView.swift in Sources */ = {isa = PBXBuildFile; fileRef = 44D501A324829130008DEC05 /* MockAlertView.swift */; };
		44D501A6248292EA008DEC05 /* ConvertorViewModelEvents.swift in Sources */ = {isa = PBXBuildFile; fileRef = 44D501A5248292EA008DEC05 /* ConvertorViewModelEvents.swift */; };
		44D501A72482B9CC008DEC05 /* ConvertorViewController.swift in Sources */ = {isa = PBXBuildFile; fileRef = 44D5017E24811E47008DEC05 /* ConvertorViewController.swift */; };
		44D501A924830C2B008DEC05 /* MockExchangeRate.swift in Sources */ = {isa = PBXBuildFile; fileRef = 44D501A824830C2A008DEC05 /* MockExchangeRate.swift */; };
		44D501AB24831607008DEC05 /* ObservableHelper.swift in Sources */ = {isa = PBXBuildFile; fileRef = 44D501AA24831606008DEC05 /* ObservableHelper.swift */; };
		44D501AE2483B200008DEC05 /* TransactionViewController.swift in Sources */ = {isa = PBXBuildFile; fileRef = 44D501AD2483B200008DEC05 /* TransactionViewController.swift */; };
		44D501B02483B214008DEC05 /* TransactionViewModel.swift in Sources */ = {isa = PBXBuildFile; fileRef = 44D501AF2483B214008DEC05 /* TransactionViewModel.swift */; };
		44D501B22483B228008DEC05 /* TransactionViewController.storyboard in Resources */ = {isa = PBXBuildFile; fileRef = 44D501B12483B228008DEC05 /* TransactionViewController.storyboard */; };
		44D501B42483B3C0008DEC05 /* NavigationActions.swift in Sources */ = {isa = PBXBuildFile; fileRef = 44D501B32483B3C0008DEC05 /* NavigationActions.swift */; };
		44D501B62483B878008DEC05 /* MainViewCoordinatorSpec.swift in Sources */ = {isa = PBXBuildFile; fileRef = 44D501B52483B878008DEC05 /* MainViewCoordinatorSpec.swift */; };
		44D501BA2483B91B008DEC05 /* MockNavigationController.swift in Sources */ = {isa = PBXBuildFile; fileRef = 44D501B92483B91B008DEC05 /* MockNavigationController.swift */; };
		44D501BB2483BB1C008DEC05 /* MainViewModelCoordinatorSpec.swift in Sources */ = {isa = PBXBuildFile; fileRef = 44D501B72483B884008DEC05 /* MainViewModelCoordinatorSpec.swift */; };
		55CCC47EDBF52346AD2551CD /* Pods_CurrencyAppTests.framework in Frameworks */ = {isa = PBXBuildFile; fileRef = 358BB5A1F19004F6C768AEAB /* Pods_CurrencyAppTests.framework */; };
		DC2A231C2F1F17DA4B3BB7EB /* Pods_CurrencyApp.framework in Frameworks */ = {isa = PBXBuildFile; fileRef = BEBA12C20A059CA200627042 /* Pods_CurrencyApp.framework */; };
/* End PBXBuildFile section */

/* Begin PBXContainerItemProxy section */
		44D5016F248109DB008DEC05 /* PBXContainerItemProxy */ = {
			isa = PBXContainerItemProxy;
			containerPortal = 44D50150248109D8008DEC05 /* Project object */;
			proxyType = 1;
			remoteGlobalIDString = 44D50157248109D8008DEC05;
			remoteInfo = CurrencyApp;
		};
/* End PBXContainerItemProxy section */

/* Begin PBXFileReference section */
		358BB5A1F19004F6C768AEAB /* Pods_CurrencyAppTests.framework */ = {isa = PBXFileReference; explicitFileType = wrapper.framework; includeInIndex = 0; path = Pods_CurrencyAppTests.framework; sourceTree = BUILT_PRODUCTS_DIR; };
		44D50158248109D8008DEC05 /* CurrencyApp.app */ = {isa = PBXFileReference; explicitFileType = wrapper.application; includeInIndex = 0; path = CurrencyApp.app; sourceTree = BUILT_PRODUCTS_DIR; };
		44D5015B248109D8008DEC05 /* AppDelegate.swift */ = {isa = PBXFileReference; lastKnownFileType = sourcecode.swift; path = AppDelegate.swift; sourceTree = "<group>"; };
		44D5015D248109D8008DEC05 /* SceneDelegate.swift */ = {isa = PBXFileReference; lastKnownFileType = sourcecode.swift; path = SceneDelegate.swift; sourceTree = "<group>"; };
		44D50164248109DB008DEC05 /* Assets.xcassets */ = {isa = PBXFileReference; lastKnownFileType = folder.assetcatalog; path = Assets.xcassets; sourceTree = "<group>"; };
		44D50167248109DB008DEC05 /* Base */ = {isa = PBXFileReference; lastKnownFileType = file.storyboard; name = Base; path = Base.lproj/LaunchScreen.storyboard; sourceTree = "<group>"; };
		44D50169248109DB008DEC05 /* Info.plist */ = {isa = PBXFileReference; lastKnownFileType = text.plist.xml; path = Info.plist; sourceTree = "<group>"; };
		44D5016E248109DB008DEC05 /* CurrencyAppTests.xctest */ = {isa = PBXFileReference; explicitFileType = wrapper.cfbundle; includeInIndex = 0; path = CurrencyAppTests.xctest; sourceTree = BUILT_PRODUCTS_DIR; };
		44D50174248109DB008DEC05 /* Info.plist */ = {isa = PBXFileReference; lastKnownFileType = text.plist.xml; path = Info.plist; sourceTree = "<group>"; };
		44D5017E24811E47008DEC05 /* ConvertorViewController.swift */ = {isa = PBXFileReference; lastKnownFileType = sourcecode.swift; path = ConvertorViewController.swift; sourceTree = "<group>"; };
		44D5018024811E5F008DEC05 /* ConvertorViewModel.swift */ = {isa = PBXFileReference; lastKnownFileType = sourcecode.swift; path = ConvertorViewModel.swift; sourceTree = "<group>"; };
		44D5018224811E74008DEC05 /* ConvertorViewController.storyboard */ = {isa = PBXFileReference; lastKnownFileType = file.storyboard; path = ConvertorViewController.storyboard; sourceTree = "<group>"; };
		44D501842481205E008DEC05 /* MainViewCoordinator.swift */ = {isa = PBXFileReference; lastKnownFileType = sourcecode.swift; path = MainViewCoordinator.swift; sourceTree = "<group>"; };
		44D50186248120DA008DEC05 /* MainViewModelCoordinator.swift */ = {isa = PBXFileReference; lastKnownFileType = sourcecode.swift; path = MainViewModelCoordinator.swift; sourceTree = "<group>"; };
		44D501892481239F008DEC05 /* ViewControllerHelper.swift */ = {isa = PBXFileReference; lastKnownFileType = sourcecode.swift; path = ViewControllerHelper.swift; sourceTree = "<group>"; };
		44D5018C24817AEC008DEC05 /* ExchangeModel.swift */ = {isa = PBXFileReference; lastKnownFileType = sourcecode.swift; path = ExchangeModel.swift; sourceTree = "<group>"; };
		44D5018E24817BD4008DEC05 /*  CurrencyService.swift */ = {isa = PBXFileReference; lastKnownFileType = sourcecode.swift; path = " CurrencyService.swift"; sourceTree = "<group>"; };
		44D5019024817D46008DEC05 /* Environment.swift */ = {isa = PBXFileReference; lastKnownFileType = sourcecode.swift; path = Environment.swift; sourceTree = "<group>"; };
		44D5019224817DB0008DEC05 /* CurrencyRequest.swift */ = {isa = PBXFileReference; lastKnownFileType = sourcecode.swift; path = CurrencyRequest.swift; sourceTree = "<group>"; };
		44D50198248250FF008DEC05 /* ConvertorViewControllerSpec.swift */ = {isa = PBXFileReference; lastKnownFileType = sourcecode.swift; path = ConvertorViewControllerSpec.swift; sourceTree = "<group>"; };
		44D5019A24825E2E008DEC05 /* ConvertViewModelSpec.swift */ = {isa = PBXFileReference; lastKnownFileType = sourcecode.swift; path = ConvertViewModelSpec.swift; sourceTree = "<group>"; };
		44D5019C24826643008DEC05 /* AlertModel.swift */ = {isa = PBXFileReference; lastKnownFileType = sourcecode.swift; path = AlertModel.swift; sourceTree = "<group>"; };
		44D5019E24826E50008DEC05 /* AlertViewPresenter.swift */ = {isa = PBXFileReference; lastKnownFileType = sourcecode.swift; path = AlertViewPresenter.swift; sourceTree = "<group>"; };
		44D501A1248290E6008DEC05 /* MockService.swift */ = {isa = PBXFileReference; lastKnownFileType = sourcecode.swift; path = MockService.swift; sourceTree = "<group>"; };
		44D501A324829130008DEC05 /* MockAlertView.swift */ = {isa = PBXFileReference; lastKnownFileType = sourcecode.swift; path = MockAlertView.swift; sourceTree = "<group>"; };
		44D501A5248292EA008DEC05 /* ConvertorViewModelEvents.swift */ = {isa = PBXFileReference; lastKnownFileType = sourcecode.swift; path = ConvertorViewModelEvents.swift; sourceTree = "<group>"; };
		44D501A824830C2A008DEC05 /* MockExchangeRate.swift */ = {isa = PBXFileReference; lastKnownFileType = sourcecode.swift; path = MockExchangeRate.swift; sourceTree = "<group>"; };
		44D501AA24831606008DEC05 /* ObservableHelper.swift */ = {isa = PBXFileReference; lastKnownFileType = sourcecode.swift; path = ObservableHelper.swift; sourceTree = "<group>"; };
		44D501AD2483B200008DEC05 /* TransactionViewController.swift */ = {isa = PBXFileReference; lastKnownFileType = sourcecode.swift; path = TransactionViewController.swift; sourceTree = "<group>"; };
		44D501AF2483B214008DEC05 /* TransactionViewModel.swift */ = {isa = PBXFileReference; lastKnownFileType = sourcecode.swift; path = TransactionViewModel.swift; sourceTree = "<group>"; };
		44D501B12483B228008DEC05 /* TransactionViewController.storyboard */ = {isa = PBXFileReference; lastKnownFileType = file.storyboard; path = TransactionViewController.storyboard; sourceTree = "<group>"; };
		44D501B32483B3C0008DEC05 /* NavigationActions.swift */ = {isa = PBXFileReference; lastKnownFileType = sourcecode.swift; path = NavigationActions.swift; sourceTree = "<group>"; };
		44D501B52483B878008DEC05 /* MainViewCoordinatorSpec.swift */ = {isa = PBXFileReference; lastKnownFileType = sourcecode.swift; path = MainViewCoordinatorSpec.swift; sourceTree = "<group>"; };
		44D501B72483B884008DEC05 /* MainViewModelCoordinatorSpec.swift */ = {isa = PBXFileReference; lastKnownFileType = sourcecode.swift; path = MainViewModelCoordinatorSpec.swift; sourceTree = "<group>"; };
		44D501B92483B91B008DEC05 /* MockNavigationController.swift */ = {isa = PBXFileReference; lastKnownFileType = sourcecode.swift; path = MockNavigationController.swift; sourceTree = "<group>"; };
		4A43AB9A6EAB247AC9BCDD88 /* Pods-CurrencyApp.debug.xcconfig */ = {isa = PBXFileReference; includeInIndex = 1; lastKnownFileType = text.xcconfig; name = "Pods-CurrencyApp.debug.xcconfig"; path = "Target Support Files/Pods-CurrencyApp/Pods-CurrencyApp.debug.xcconfig"; sourceTree = "<group>"; };
		96B266A094FE9521E9AA2D41 /* Pods-CurrencyApp.release.xcconfig */ = {isa = PBXFileReference; includeInIndex = 1; lastKnownFileType = text.xcconfig; name = "Pods-CurrencyApp.release.xcconfig"; path = "Target Support Files/Pods-CurrencyApp/Pods-CurrencyApp.release.xcconfig"; sourceTree = "<group>"; };
		BEBA12C20A059CA200627042 /* Pods_CurrencyApp.framework */ = {isa = PBXFileReference; explicitFileType = wrapper.framework; includeInIndex = 0; path = Pods_CurrencyApp.framework; sourceTree = BUILT_PRODUCTS_DIR; };
		C6955FD0B8D167711907B539 /* Pods-CurrencyAppTests.release.xcconfig */ = {isa = PBXFileReference; includeInIndex = 1; lastKnownFileType = text.xcconfig; name = "Pods-CurrencyAppTests.release.xcconfig"; path = "Target Support Files/Pods-CurrencyAppTests/Pods-CurrencyAppTests.release.xcconfig"; sourceTree = "<group>"; };
		D5DB990C0A18DA778E1D5DAC /* Pods-CurrencyAppTests.debug.xcconfig */ = {isa = PBXFileReference; includeInIndex = 1; lastKnownFileType = text.xcconfig; name = "Pods-CurrencyAppTests.debug.xcconfig"; path = "Target Support Files/Pods-CurrencyAppTests/Pods-CurrencyAppTests.debug.xcconfig"; sourceTree = "<group>"; };
/* End PBXFileReference section */

/* Begin PBXFrameworksBuildPhase section */
		44D50155248109D8008DEC05 /* Frameworks */ = {
			isa = PBXFrameworksBuildPhase;
			buildActionMask = 2147483647;
			files = (
				DC2A231C2F1F17DA4B3BB7EB /* Pods_CurrencyApp.framework in Frameworks */,
			);
			runOnlyForDeploymentPostprocessing = 0;
		};
		44D5016B248109DB008DEC05 /* Frameworks */ = {
			isa = PBXFrameworksBuildPhase;
			buildActionMask = 2147483647;
			files = (
				55CCC47EDBF52346AD2551CD /* Pods_CurrencyAppTests.framework in Frameworks */,
			);
			runOnlyForDeploymentPostprocessing = 0;
		};
/* End PBXFrameworksBuildPhase section */

/* Begin PBXGroup section */
		44D5014F248109D8008DEC05 = {
			isa = PBXGroup;
			children = (
				44D5015A248109D8008DEC05 /* CurrencyApp */,
				44D50171248109DB008DEC05 /* CurrencyAppTests */,
				44D50159248109D8008DEC05 /* Products */,
				EE7761A7A64ECD6B363B3E31 /* Pods */,
				ADCA166A3580E3863F6C1ECB /* Frameworks */,
			);
			sourceTree = "<group>";
		};
		44D50159248109D8008DEC05 /* Products */ = {
			isa = PBXGroup;
			children = (
				44D50158248109D8008DEC05 /* CurrencyApp.app */,
				44D5016E248109DB008DEC05 /* CurrencyAppTests.xctest */,
			);
			name = Products;
			sourceTree = "<group>";
		};
		44D5015A248109D8008DEC05 /* CurrencyApp */ = {
			isa = PBXGroup;
			children = (
				44D5015B248109D8008DEC05 /* AppDelegate.swift */,
				44D5015D248109D8008DEC05 /* SceneDelegate.swift */,
				44D501842481205E008DEC05 /* MainViewCoordinator.swift */,
				44D50186248120DA008DEC05 /* MainViewModelCoordinator.swift */,
				44D501AC2483B1DD008DEC05 /* TransactionViewController */,
				44D5018824812388008DEC05 /* Helpers */,
				44D5017D24810AE8008DEC05 /* ConvertorViewController */,
				44D5018B24817AC8008DEC05 /* CurrencyService */,
				44D50164248109DB008DEC05 /* Assets.xcassets */,
				44D50166248109DB008DEC05 /* LaunchScreen.storyboard */,
				44D50169248109DB008DEC05 /* Info.plist */,
			);
			path = CurrencyApp;
			sourceTree = "<group>";
		};
		44D50171248109DB008DEC05 /* CurrencyAppTests */ = {
			isa = PBXGroup;
			children = (
				44D501A0248290D3008DEC05 /* Mocks */,
				44D50197248250C1008DEC05 /* ConvertorViewController */,
				44D50174248109DB008DEC05 /* Info.plist */,
				44D501B52483B878008DEC05 /* MainViewCoordinatorSpec.swift */,
				44D501B72483B884008DEC05 /* MainViewModelCoordinatorSpec.swift */,
			);
			path = CurrencyAppTests;
			sourceTree = "<group>";
		};
		44D5017D24810AE8008DEC05 /* ConvertorViewController */ = {
			isa = PBXGroup;
			children = (
				44D5017E24811E47008DEC05 /* ConvertorViewController.swift */,
				44D5018224811E74008DEC05 /* ConvertorViewController.storyboard */,
				44D5018024811E5F008DEC05 /* ConvertorViewModel.swift */,
				44D501A5248292EA008DEC05 /* ConvertorViewModelEvents.swift */,
			);
			path = ConvertorViewController;
			sourceTree = "<group>";
		};
		44D5018824812388008DEC05 /* Helpers */ = {
			isa = PBXGroup;
			children = (
				44D501892481239F008DEC05 /* ViewControllerHelper.swift */,
				44D5019E24826E50008DEC05 /* AlertViewPresenter.swift */,
				44D5019C24826643008DEC05 /* AlertModel.swift */,
				44D501AA24831606008DEC05 /* ObservableHelper.swift */,
				44D501B32483B3C0008DEC05 /* NavigationActions.swift */,
			);
			path = Helpers;
			sourceTree = "<group>";
		};
		44D5018B24817AC8008DEC05 /* CurrencyService */ = {
			isa = PBXGroup;
			children = (
				44D5018C24817AEC008DEC05 /* ExchangeModel.swift */,
				44D5018E24817BD4008DEC05 /*  CurrencyService.swift */,
				44D5019024817D46008DEC05 /* Environment.swift */,
				44D5019224817DB0008DEC05 /* CurrencyRequest.swift */,
			);
			path = CurrencyService;
			sourceTree = "<group>";
		};
		44D50197248250C1008DEC05 /* ConvertorViewController */ = {
			isa = PBXGroup;
			children = (
				44D50198248250FF008DEC05 /* ConvertorViewControllerSpec.swift */,
				44D5019A24825E2E008DEC05 /* ConvertViewModelSpec.swift */,
			);
			path = ConvertorViewController;
			sourceTree = "<group>";
		};
		44D501A0248290D3008DEC05 /* Mocks */ = {
			isa = PBXGroup;
			children = (
				44D501A1248290E6008DEC05 /* MockService.swift */,
				44D501A324829130008DEC05 /* MockAlertView.swift */,
				44D501A824830C2A008DEC05 /* MockExchangeRate.swift */,
				44D501B92483B91B008DEC05 /* MockNavigationController.swift */,
			);
			path = Mocks;
			sourceTree = "<group>";
		};
		44D501AC2483B1DD008DEC05 /* TransactionViewController */ = {
			isa = PBXGroup;
			children = (
				44D501AD2483B200008DEC05 /* TransactionViewController.swift */,
				44D501AF2483B214008DEC05 /* TransactionViewModel.swift */,
				44D501B12483B228008DEC05 /* TransactionViewController.storyboard */,
			);
			path = TransactionViewController;
			sourceTree = "<group>";
		};
		ADCA166A3580E3863F6C1ECB /* Frameworks */ = {
			isa = PBXGroup;
			children = (
				BEBA12C20A059CA200627042 /* Pods_CurrencyApp.framework */,
				358BB5A1F19004F6C768AEAB /* Pods_CurrencyAppTests.framework */,
			);
			name = Frameworks;
			sourceTree = "<group>";
		};
		EE7761A7A64ECD6B363B3E31 /* Pods */ = {
			isa = PBXGroup;
			children = (
				4A43AB9A6EAB247AC9BCDD88 /* Pods-CurrencyApp.debug.xcconfig */,
				96B266A094FE9521E9AA2D41 /* Pods-CurrencyApp.release.xcconfig */,
				D5DB990C0A18DA778E1D5DAC /* Pods-CurrencyAppTests.debug.xcconfig */,
				C6955FD0B8D167711907B539 /* Pods-CurrencyAppTests.release.xcconfig */,
			);
			path = Pods;
			sourceTree = "<group>";
		};
/* End PBXGroup section */

/* Begin PBXNativeTarget section */
		44D50157248109D8008DEC05 /* CurrencyApp */ = {
			isa = PBXNativeTarget;
			buildConfigurationList = 44D50177248109DB008DEC05 /* Build configuration list for PBXNativeTarget "CurrencyApp" */;
			buildPhases = (
				EE8CEC6C397F7667162392E2 /* [CP] Check Pods Manifest.lock */,
				44D50154248109D8008DEC05 /* Sources */,
				44D50155248109D8008DEC05 /* Frameworks */,
				44D50156248109D8008DEC05 /* Resources */,
				2B1B063B9E440347A3593C3C /* [CP] Embed Pods Frameworks */,
			);
			buildRules = (
			);
			dependencies = (
			);
			name = CurrencyApp;
			productName = CurrencyApp;
			productReference = 44D50158248109D8008DEC05 /* CurrencyApp.app */;
			productType = "com.apple.product-type.application";
		};
		44D5016D248109DB008DEC05 /* CurrencyAppTests */ = {
			isa = PBXNativeTarget;
			buildConfigurationList = 44D5017A248109DB008DEC05 /* Build configuration list for PBXNativeTarget "CurrencyAppTests" */;
			buildPhases = (
				4700E68EBD2F9A485DC66A19 /* [CP] Check Pods Manifest.lock */,
				44D5016A248109DB008DEC05 /* Sources */,
				44D5016B248109DB008DEC05 /* Frameworks */,
				44D5016C248109DB008DEC05 /* Resources */,
				3288E6A3C06ACD21C0ACA306 /* [CP] Embed Pods Frameworks */,
			);
			buildRules = (
			);
			dependencies = (
				44D50170248109DB008DEC05 /* PBXTargetDependency */,
			);
			name = CurrencyAppTests;
			productName = CurrencyAppTests;
			productReference = 44D5016E248109DB008DEC05 /* CurrencyAppTests.xctest */;
			productType = "com.apple.product-type.bundle.unit-test";
		};
/* End PBXNativeTarget section */

/* Begin PBXProject section */
		44D50150248109D8008DEC05 /* Project object */ = {
			isa = PBXProject;
			attributes = {
				LastSwiftUpdateCheck = 1130;
				LastUpgradeCheck = 1130;
				ORGANIZATIONNAME = "Dushyant Singh";
				TargetAttributes = {
					44D50157248109D8008DEC05 = {
						CreatedOnToolsVersion = 11.3.1;
					};
					44D5016D248109DB008DEC05 = {
						CreatedOnToolsVersion = 11.3.1;
						LastSwiftMigration = 1130;
						TestTargetID = 44D50157248109D8008DEC05;
					};
				};
			};
			buildConfigurationList = 44D50153248109D8008DEC05 /* Build configuration list for PBXProject "CurrencyApp" */;
			compatibilityVersion = "Xcode 9.3";
			developmentRegion = en;
			hasScannedForEncodings = 0;
			knownRegions = (
				en,
				Base,
			);
			mainGroup = 44D5014F248109D8008DEC05;
			productRefGroup = 44D50159248109D8008DEC05 /* Products */;
			projectDirPath = "";
			projectRoot = "";
			targets = (
				44D50157248109D8008DEC05 /* CurrencyApp */,
				44D5016D248109DB008DEC05 /* CurrencyAppTests */,
			);
		};
/* End PBXProject section */

/* Begin PBXResourcesBuildPhase section */
		44D50156248109D8008DEC05 /* Resources */ = {
			isa = PBXResourcesBuildPhase;
			buildActionMask = 2147483647;
			files = (
				44D501B22483B228008DEC05 /* TransactionViewController.storyboard in Resources */,
				44D50168248109DB008DEC05 /* LaunchScreen.storyboard in Resources */,
				44D50165248109DB008DEC05 /* Assets.xcassets in Resources */,
				44D5018324811E74008DEC05 /* ConvertorViewController.storyboard in Resources */,
			);
			runOnlyForDeploymentPostprocessing = 0;
		};
		44D5016C248109DB008DEC05 /* Resources */ = {
			isa = PBXResourcesBuildPhase;
			buildActionMask = 2147483647;
			files = (
			);
			runOnlyForDeploymentPostprocessing = 0;
		};
/* End PBXResourcesBuildPhase section */

/* Begin PBXShellScriptBuildPhase section */
		2B1B063B9E440347A3593C3C /* [CP] Embed Pods Frameworks */ = {
			isa = PBXShellScriptBuildPhase;
			buildActionMask = 2147483647;
			files = (
			);
			inputFileListPaths = (
				"${PODS_ROOT}/Target Support Files/Pods-CurrencyApp/Pods-CurrencyApp-frameworks-${CONFIGURATION}-input-files.xcfilelist",
			);
			name = "[CP] Embed Pods Frameworks";
			outputFileListPaths = (
				"${PODS_ROOT}/Target Support Files/Pods-CurrencyApp/Pods-CurrencyApp-frameworks-${CONFIGURATION}-output-files.xcfilelist",
			);
			runOnlyForDeploymentPostprocessing = 0;
			shellPath = /bin/sh;
			shellScript = "\"${PODS_ROOT}/Target Support Files/Pods-CurrencyApp/Pods-CurrencyApp-frameworks.sh\"\n";
			showEnvVarsInLog = 0;
		};
		3288E6A3C06ACD21C0ACA306 /* [CP] Embed Pods Frameworks */ = {
			isa = PBXShellScriptBuildPhase;
			buildActionMask = 2147483647;
			files = (
			);
			inputFileListPaths = (
				"${PODS_ROOT}/Target Support Files/Pods-CurrencyAppTests/Pods-CurrencyAppTests-frameworks-${CONFIGURATION}-input-files.xcfilelist",
			);
			name = "[CP] Embed Pods Frameworks";
			outputFileListPaths = (
				"${PODS_ROOT}/Target Support Files/Pods-CurrencyAppTests/Pods-CurrencyAppTests-frameworks-${CONFIGURATION}-output-files.xcfilelist",
			);
			runOnlyForDeploymentPostprocessing = 0;
			shellPath = /bin/sh;
			shellScript = "\"${PODS_ROOT}/Target Support Files/Pods-CurrencyAppTests/Pods-CurrencyAppTests-frameworks.sh\"\n";
			showEnvVarsInLog = 0;
		};
		4700E68EBD2F9A485DC66A19 /* [CP] Check Pods Manifest.lock */ = {
			isa = PBXShellScriptBuildPhase;
			buildActionMask = 2147483647;
			files = (
			);
			inputFileListPaths = (
			);
			inputPaths = (
				"${PODS_PODFILE_DIR_PATH}/Podfile.lock",
				"${PODS_ROOT}/Manifest.lock",
			);
			name = "[CP] Check Pods Manifest.lock";
			outputFileListPaths = (
			);
			outputPaths = (
				"$(DERIVED_FILE_DIR)/Pods-CurrencyAppTests-checkManifestLockResult.txt",
			);
			runOnlyForDeploymentPostprocessing = 0;
			shellPath = /bin/sh;
			shellScript = "diff \"${PODS_PODFILE_DIR_PATH}/Podfile.lock\" \"${PODS_ROOT}/Manifest.lock\" > /dev/null\nif [ $? != 0 ] ; then\n    # print error to STDERR\n    echo \"error: The sandbox is not in sync with the Podfile.lock. Run 'pod install' or update your CocoaPods installation.\" >&2\n    exit 1\nfi\n# This output is used by Xcode 'outputs' to avoid re-running this script phase.\necho \"SUCCESS\" > \"${SCRIPT_OUTPUT_FILE_0}\"\n";
			showEnvVarsInLog = 0;
		};
		EE8CEC6C397F7667162392E2 /* [CP] Check Pods Manifest.lock */ = {
			isa = PBXShellScriptBuildPhase;
			buildActionMask = 2147483647;
			files = (
			);
			inputFileListPaths = (
			);
			inputPaths = (
				"${PODS_PODFILE_DIR_PATH}/Podfile.lock",
				"${PODS_ROOT}/Manifest.lock",
			);
			name = "[CP] Check Pods Manifest.lock";
			outputFileListPaths = (
			);
			outputPaths = (
				"$(DERIVED_FILE_DIR)/Pods-CurrencyApp-checkManifestLockResult.txt",
			);
			runOnlyForDeploymentPostprocessing = 0;
			shellPath = /bin/sh;
			shellScript = "diff \"${PODS_PODFILE_DIR_PATH}/Podfile.lock\" \"${PODS_ROOT}/Manifest.lock\" > /dev/null\nif [ $? != 0 ] ; then\n    # print error to STDERR\n    echo \"error: The sandbox is not in sync with the Podfile.lock. Run 'pod install' or update your CocoaPods installation.\" >&2\n    exit 1\nfi\n# This output is used by Xcode 'outputs' to avoid re-running this script phase.\necho \"SUCCESS\" > \"${SCRIPT_OUTPUT_FILE_0}\"\n";
			showEnvVarsInLog = 0;
		};
/* End PBXShellScriptBuildPhase section */

/* Begin PBXSourcesBuildPhase section */
		44D50154248109D8008DEC05 /* Sources */ = {
			isa = PBXSourcesBuildPhase;
			buildActionMask = 2147483647;
			files = (
				44D5018124811E5F008DEC05 /* ConvertorViewModel.swift in Sources */,
				44D5018D24817AEC008DEC05 /* ExchangeModel.swift in Sources */,
				44D5019D24826643008DEC05 /* AlertModel.swift in Sources */,
				44D501A6248292EA008DEC05 /* ConvertorViewModelEvents.swift in Sources */,
				44D501AB24831607008DEC05 /* ObservableHelper.swift in Sources */,
				44D5015C248109D8008DEC05 /* AppDelegate.swift in Sources */,
				44D5019324817DB0008DEC05 /* CurrencyRequest.swift in Sources */,
				44D501B42483B3C0008DEC05 /* NavigationActions.swift in Sources */,
				44D5018F24817BD4008DEC05 /*  CurrencyService.swift in Sources */,
				44D5018A2481239F008DEC05 /* ViewControllerHelper.swift in Sources */,
				44D501852481205E008DEC05 /* MainViewCoordinator.swift in Sources */,
				44D50187248120DA008DEC05 /* MainViewModelCoordinator.swift in Sources */,
				44D5015E248109D8008DEC05 /* SceneDelegate.swift in Sources */,
				44D501B02483B214008DEC05 /* TransactionViewModel.swift in Sources */,
				44D501A72482B9CC008DEC05 /* ConvertorViewController.swift in Sources */,
				44D5019124817D46008DEC05 /* Environment.swift in Sources */,
				44D5019F24826E50008DEC05 /* AlertViewPresenter.swift in Sources */,
				44D501AE2483B200008DEC05 /* TransactionViewController.swift in Sources */,
			);
			runOnlyForDeploymentPostprocessing = 0;
		};
		44D5016A248109DB008DEC05 /* Sources */ = {
			isa = PBXSourcesBuildPhase;
			buildActionMask = 2147483647;
			files = (
				44D501A424829130008DEC05 /* MockAlertView.swift in Sources */,
				44D501BB2483BB1C008DEC05 /* MainViewModelCoordinatorSpec.swift in Sources */,
				44D50199248250FF008DEC05 /* ConvertorViewControllerSpec.swift in Sources */,
				44D5019B24825E2E008DEC05 /* ConvertViewModelSpec.swift in Sources */,
				44D501A2248290E6008DEC05 /* MockService.swift in Sources */,
				44D501B62483B878008DEC05 /* MainViewCoordinatorSpec.swift in Sources */,
				44D501A924830C2B008DEC05 /* MockExchangeRate.swift in Sources */,
				44D501BA2483B91B008DEC05 /* MockNavigationController.swift in Sources */,
			);
			runOnlyForDeploymentPostprocessing = 0;
		};
/* End PBXSourcesBuildPhase section */

/* Begin PBXTargetDependency section */
		44D50170248109DB008DEC05 /* PBXTargetDependency */ = {
			isa = PBXTargetDependency;
			target = 44D50157248109D8008DEC05 /* CurrencyApp */;
			targetProxy = 44D5016F248109DB008DEC05 /* PBXContainerItemProxy */;
		};
/* End PBXTargetDependency section */

/* Begin PBXVariantGroup section */
		44D50166248109DB008DEC05 /* LaunchScreen.storyboard */ = {
			isa = PBXVariantGroup;
			children = (
				44D50167248109DB008DEC05 /* Base */,
			);
			name = LaunchScreen.storyboard;
			sourceTree = "<group>";
		};
/* End PBXVariantGroup section */

/* Begin XCBuildConfiguration section */
		44D50175248109DB008DEC05 /* Debug */ = {
			isa = XCBuildConfiguration;
			buildSettings = {
				ALWAYS_SEARCH_USER_PATHS = NO;
				CLANG_ANALYZER_NONNULL = YES;
				CLANG_ANALYZER_NUMBER_OBJECT_CONVERSION = YES_AGGRESSIVE;
				CLANG_CXX_LANGUAGE_STANDARD = "gnu++14";
				CLANG_CXX_LIBRARY = "libc++";
				CLANG_ENABLE_MODULES = YES;
				CLANG_ENABLE_OBJC_ARC = YES;
				CLANG_ENABLE_OBJC_WEAK = YES;
				CLANG_WARN_BLOCK_CAPTURE_AUTORELEASING = YES;
				CLANG_WARN_BOOL_CONVERSION = YES;
				CLANG_WARN_COMMA = YES;
				CLANG_WARN_CONSTANT_CONVERSION = YES;
				CLANG_WARN_DEPRECATED_OBJC_IMPLEMENTATIONS = YES;
				CLANG_WARN_DIRECT_OBJC_ISA_USAGE = YES_ERROR;
				CLANG_WARN_DOCUMENTATION_COMMENTS = YES;
				CLANG_WARN_EMPTY_BODY = YES;
				CLANG_WARN_ENUM_CONVERSION = YES;
				CLANG_WARN_INFINITE_RECURSION = YES;
				CLANG_WARN_INT_CONVERSION = YES;
				CLANG_WARN_NON_LITERAL_NULL_CONVERSION = YES;
				CLANG_WARN_OBJC_IMPLICIT_RETAIN_SELF = YES;
				CLANG_WARN_OBJC_LITERAL_CONVERSION = YES;
				CLANG_WARN_OBJC_ROOT_CLASS = YES_ERROR;
				CLANG_WARN_RANGE_LOOP_ANALYSIS = YES;
				CLANG_WARN_STRICT_PROTOTYPES = YES;
				CLANG_WARN_SUSPICIOUS_MOVE = YES;
				CLANG_WARN_UNGUARDED_AVAILABILITY = YES_AGGRESSIVE;
				CLANG_WARN_UNREACHABLE_CODE = YES;
				CLANG_WARN__DUPLICATE_METHOD_MATCH = YES;
				COPY_PHASE_STRIP = NO;
				DEBUG_INFORMATION_FORMAT = dwarf;
				ENABLE_STRICT_OBJC_MSGSEND = YES;
				ENABLE_TESTABILITY = YES;
				GCC_C_LANGUAGE_STANDARD = gnu11;
				GCC_DYNAMIC_NO_PIC = NO;
				GCC_NO_COMMON_BLOCKS = YES;
				GCC_OPTIMIZATION_LEVEL = 0;
				GCC_PREPROCESSOR_DEFINITIONS = (
					"DEBUG=1",
					"$(inherited)",
				);
				GCC_WARN_64_TO_32_BIT_CONVERSION = YES;
				GCC_WARN_ABOUT_RETURN_TYPE = YES_ERROR;
				GCC_WARN_UNDECLARED_SELECTOR = YES;
				GCC_WARN_UNINITIALIZED_AUTOS = YES_AGGRESSIVE;
				GCC_WARN_UNUSED_FUNCTION = YES;
				GCC_WARN_UNUSED_VARIABLE = YES;
				IPHONEOS_DEPLOYMENT_TARGET = 13.2;
				MTL_ENABLE_DEBUG_INFO = INCLUDE_SOURCE;
				MTL_FAST_MATH = YES;
				ONLY_ACTIVE_ARCH = YES;
				SDKROOT = iphoneos;
				SWIFT_ACTIVE_COMPILATION_CONDITIONS = DEBUG;
				SWIFT_OPTIMIZATION_LEVEL = "-Onone";
			};
			name = Debug;
		};
		44D50176248109DB008DEC05 /* Release */ = {
			isa = XCBuildConfiguration;
			buildSettings = {
				ALWAYS_SEARCH_USER_PATHS = NO;
				CLANG_ANALYZER_NONNULL = YES;
				CLANG_ANALYZER_NUMBER_OBJECT_CONVERSION = YES_AGGRESSIVE;
				CLANG_CXX_LANGUAGE_STANDARD = "gnu++14";
				CLANG_CXX_LIBRARY = "libc++";
				CLANG_ENABLE_MODULES = YES;
				CLANG_ENABLE_OBJC_ARC = YES;
				CLANG_ENABLE_OBJC_WEAK = YES;
				CLANG_WARN_BLOCK_CAPTURE_AUTORELEASING = YES;
				CLANG_WARN_BOOL_CONVERSION = YES;
				CLANG_WARN_COMMA = YES;
				CLANG_WARN_CONSTANT_CONVERSION = YES;
				CLANG_WARN_DEPRECATED_OBJC_IMPLEMENTATIONS = YES;
				CLANG_WARN_DIRECT_OBJC_ISA_USAGE = YES_ERROR;
				CLANG_WARN_DOCUMENTATION_COMMENTS = YES;
				CLANG_WARN_EMPTY_BODY = YES;
				CLANG_WARN_ENUM_CONVERSION = YES;
				CLANG_WARN_INFINITE_RECURSION = YES;
				CLANG_WARN_INT_CONVERSION = YES;
				CLANG_WARN_NON_LITERAL_NULL_CONVERSION = YES;
				CLANG_WARN_OBJC_IMPLICIT_RETAIN_SELF = YES;
				CLANG_WARN_OBJC_LITERAL_CONVERSION = YES;
				CLANG_WARN_OBJC_ROOT_CLASS = YES_ERROR;
				CLANG_WARN_RANGE_LOOP_ANALYSIS = YES;
				CLANG_WARN_STRICT_PROTOTYPES = YES;
				CLANG_WARN_SUSPICIOUS_MOVE = YES;
				CLANG_WARN_UNGUARDED_AVAILABILITY = YES_AGGRESSIVE;
				CLANG_WARN_UNREACHABLE_CODE = YES;
				CLANG_WARN__DUPLICATE_METHOD_MATCH = YES;
				COPY_PHASE_STRIP = NO;
				DEBUG_INFORMATION_FORMAT = "dwarf-with-dsym";
				ENABLE_NS_ASSERTIONS = NO;
				ENABLE_STRICT_OBJC_MSGSEND = YES;
				GCC_C_LANGUAGE_STANDARD = gnu11;
				GCC_NO_COMMON_BLOCKS = YES;
				GCC_WARN_64_TO_32_BIT_CONVERSION = YES;
				GCC_WARN_ABOUT_RETURN_TYPE = YES_ERROR;
				GCC_WARN_UNDECLARED_SELECTOR = YES;
				GCC_WARN_UNINITIALIZED_AUTOS = YES_AGGRESSIVE;
				GCC_WARN_UNUSED_FUNCTION = YES;
				GCC_WARN_UNUSED_VARIABLE = YES;
				IPHONEOS_DEPLOYMENT_TARGET = 13.2;
				MTL_ENABLE_DEBUG_INFO = NO;
				MTL_FAST_MATH = YES;
				SDKROOT = iphoneos;
				SWIFT_COMPILATION_MODE = wholemodule;
				SWIFT_OPTIMIZATION_LEVEL = "-O";
				VALIDATE_PRODUCT = YES;
			};
			name = Release;
		};
		44D50178248109DB008DEC05 /* Debug */ = {
			isa = XCBuildConfiguration;
			baseConfigurationReference = 4A43AB9A6EAB247AC9BCDD88 /* Pods-CurrencyApp.debug.xcconfig */;
			buildSettings = {
				ASSETCATALOG_COMPILER_APPICON_NAME = AppIcon;
				CODE_SIGN_STYLE = Automatic;
				INFOPLIST_FILE = CurrencyApp/Info.plist;
				LD_RUNPATH_SEARCH_PATHS = (
					"$(inherited)",
					"@executable_path/Frameworks",
				);
				PRODUCT_BUNDLE_IDENTIFIER = com.CurrencyApp;
				PRODUCT_NAME = "$(TARGET_NAME)";
				SWIFT_VERSION = 5.0;
				TARGETED_DEVICE_FAMILY = 1;
			};
			name = Debug;
		};
		44D50179248109DB008DEC05 /* Release */ = {
			isa = XCBuildConfiguration;
			baseConfigurationReference = 96B266A094FE9521E9AA2D41 /* Pods-CurrencyApp.release.xcconfig */;
			buildSettings = {
				ASSETCATALOG_COMPILER_APPICON_NAME = AppIcon;
				CODE_SIGN_STYLE = Automatic;
				INFOPLIST_FILE = CurrencyApp/Info.plist;
				LD_RUNPATH_SEARCH_PATHS = (
					"$(inherited)",
					"@executable_path/Frameworks",
				);
				PRODUCT_BUNDLE_IDENTIFIER = com.CurrencyApp;
				PRODUCT_NAME = "$(TARGET_NAME)";
				SWIFT_VERSION = 5.0;
				TARGETED_DEVICE_FAMILY = 1;
			};
			name = Release;
		};
		44D5017B248109DB008DEC05 /* Debug */ = {
			isa = XCBuildConfiguration;
			baseConfigurationReference = D5DB990C0A18DA778E1D5DAC /* Pods-CurrencyAppTests.debug.xcconfig */;
			buildSettings = {
				ALWAYS_EMBED_SWIFT_STANDARD_LIBRARIES = YES;
				BUNDLE_LOADER = "$(TEST_HOST)";
				CLANG_ENABLE_MODULES = YES;
				CODE_SIGN_STYLE = Automatic;
				INFOPLIST_FILE = CurrencyAppTests/Info.plist;
				IPHONEOS_DEPLOYMENT_TARGET = 13.2;
				LD_RUNPATH_SEARCH_PATHS = (
					"$(inherited)",
					"@executable_path/Frameworks",
					"@loader_path/Frameworks",
				);
				PRODUCT_BUNDLE_IDENTIFIER = com.CurrencyAppTests;
				PRODUCT_NAME = "$(TARGET_NAME)";
				SWIFT_OPTIMIZATION_LEVEL = "-Onone";
				SWIFT_VERSION = 5.0;
				TARGETED_DEVICE_FAMILY = "1,2";
				TEST_HOST = "$(BUILT_PRODUCTS_DIR)/CurrencyApp.app/CurrencyApp";
			};
			name = Debug;
		};
		44D5017C248109DB008DEC05 /* Release */ = {
			isa = XCBuildConfiguration;
			baseConfigurationReference = C6955FD0B8D167711907B539 /* Pods-CurrencyAppTests.release.xcconfig */;
			buildSettings = {
				ALWAYS_EMBED_SWIFT_STANDARD_LIBRARIES = YES;
				BUNDLE_LOADER = "$(TEST_HOST)";
				CLANG_ENABLE_MODULES = YES;
				CODE_SIGN_STYLE = Automatic;
				INFOPLIST_FILE = CurrencyAppTests/Info.plist;
				IPHONEOS_DEPLOYMENT_TARGET = 13.2;
				LD_RUNPATH_SEARCH_PATHS = (
					"$(inherited)",
					"@executable_path/Frameworks",
					"@loader_path/Frameworks",
				);
				PRODUCT_BUNDLE_IDENTIFIER = com.CurrencyAppTests;
				PRODUCT_NAME = "$(TARGET_NAME)";
				SWIFT_VERSION = 5.0;
				TARGETED_DEVICE_FAMILY = "1,2";
				TEST_HOST = "$(BUILT_PRODUCTS_DIR)/CurrencyApp.app/CurrencyApp";
			};
			name = Release;
		};
/* End XCBuildConfiguration section */

/* Begin XCConfigurationList section */
		44D50153248109D8008DEC05 /* Build configuration list for PBXProject "CurrencyApp" */ = {
			isa = XCConfigurationList;
			buildConfigurations = (
				44D50175248109DB008DEC05 /* Debug */,
				44D50176248109DB008DEC05 /* Release */,
			);
			defaultConfigurationIsVisible = 0;
			defaultConfigurationName = Release;
		};
		44D50177248109DB008DEC05 /* Build configuration list for PBXNativeTarget "CurrencyApp" */ = {
			isa = XCConfigurationList;
			buildConfigurations = (
				44D50178248109DB008DEC05 /* Debug */,
				44D50179248109DB008DEC05 /* Release */,
			);
			defaultConfigurationIsVisible = 0;
			defaultConfigurationName = Release;
		};
		44D5017A248109DB008DEC05 /* Build configuration list for PBXNativeTarget "CurrencyAppTests" */ = {
			isa = XCConfigurationList;
			buildConfigurations = (
				44D5017B248109DB008DEC05 /* Debug */,
				44D5017C248109DB008DEC05 /* Release */,
			);
			defaultConfigurationIsVisible = 0;
			defaultConfigurationName = Release;
		};
/* End XCConfigurationList section */
	};
	rootObject = 44D50150248109D8008DEC05 /* Project object */;
}
